# This is a Gradle generated file for dependency locking.
# Manual edits can break the build and are not advised.
# This file is expected to be part of source control.
ch.qos.logback:logback-classic:1.2.11=compileClasspath
ch.qos.logback:logback-core:1.2.11=compileClasspath
com.google.code.findbugs:jsr305:3.0.2=googleJavaFormat1.6
com.google.errorprone:error_prone_annotations:2.0.18=googleJavaFormat1.6
com.google.errorprone:javac-shaded:9+181-r4173-1=googleJavaFormat1.6
com.google.googlejavaformat:google-java-format:1.6=googleJavaFormat1.6
com.google.guava:guava:22.0=googleJavaFormat1.6
com.google.j2objc:j2objc-annotations:1.1=googleJavaFormat1.6
io.netty:netty-buffer:4.1.76.Final=compileClasspath
io.netty:netty-codec-http2:4.1.76.Final=compileClasspath
io.netty:netty-codec-http:4.1.76.Final=compileClasspath
io.netty:netty-codec:4.1.76.Final=compileClasspath
io.netty:netty-common:4.1.76.Final=compileClasspath
io.netty:netty-handler:4.1.76.Final=compileClasspath
io.netty:netty-resolver:4.1.76.Final=compileClasspath
io.netty:netty-tcnative-boringssl-static:2.0.48.Final=compileClasspath
io.netty:netty-tcnative-classes:2.0.51.Final=compileClasspath
io.netty:netty-transport-classes-epoll:4.1.76.Final=compileClasspath
io.netty:netty-transport-native-epoll:4.1.76.Final=compileClasspath
io.netty:netty-transport-native-unix-common:4.1.76.Final=compileClasspath
io.netty:netty-transport:4.1.76.Final=compileClasspath
org.codehaus.mojo:animal-sniffer-annotations:1.14=googleJavaFormat1.6
org.hdrhistogram:HdrHistogram:2.1.12=compileClasspath
org.slf4j:slf4j-api:1.7.36=compileClasspath
empty=annotationProcessor
