# This is a Gradle generated file for dependency locking.
# Manual edits can break the build and are not advised.
# This file is expected to be part of source control.
io.netty:netty-buffer:4.1.59.Final
io.netty:netty-codec-http2:4.1.59.Final
io.netty:netty-codec-http:4.1.59.Final
io.netty:netty-codec:4.1.59.Final
io.netty:netty-common:4.1.59.Final
io.netty:netty-handler:4.1.59.Final
io.netty:netty-resolver:4.1.59.Final
io.netty:netty-transport:4.1.59.Final
org.apiguardian:apiguardian-api:1.1.0
org.assertj:assertj-core:3.19.0
org.junit.jupiter:junit-jupiter-api:5.7.1
org.junit.jupiter:junit-jupiter-params:5.7.1
org.junit.platform:junit-platform-commons:1.7.1
org.junit:junit-bom:5.7.1
org.opentest4j:opentest4j:1.2.0
org.slf4j:slf4j-api:1.7.30
