# This is a Gradle generated file for dependency locking.
# Manual edits can break the build and are not advised.
# This file is expected to be part of source control.
ch.qos.logback:logback-classic:1.2.7
ch.qos.logback:logback-core:1.2.7
io.netty:netty-buffer:4.1.72.Final
io.netty:netty-codec-http2:4.1.72.Final
io.netty:netty-codec-http:4.1.72.Final
io.netty:netty-codec:4.1.72.Final
io.netty:netty-common:4.1.72.Final
io.netty:netty-handler:4.1.72.Final
io.netty:netty-resolver:4.1.72.Final
io.netty:netty-tcnative-boringssl-static:2.0.46.Final
io.netty:netty-tcnative-classes:2.0.46.Final
io.netty:netty-transport:4.1.72.Final
org.assertj:assertj-core:3.21.0
org.junit.jupiter:junit-jupiter-api:5.8.2
org.junit.jupiter:junit-jupiter-engine:5.8.2
org.junit.jupiter:junit-jupiter-params:5.8.2
org.junit.platform:junit-platform-commons:1.8.2
org.junit.platform:junit-platform-engine:1.8.2
org.junit:junit-bom:5.8.2
org.opentest4j:opentest4j:1.2.0
org.slf4j:slf4j-api:1.7.32
